
Microsoft Visual Studio Solution File, Format Version 12.00
# Visual Studio Version 17
VisualStudioVersion = 17.9.34607.119
MinimumVisualStudioVersion = 10.0.40219.1
Project("{FAE04EC0-301F-11D3-BF4B-00C04F79EFBC}") = "SendLocalMessage", "SendLocalMessage\SendLocalMessage.csproj", "{B8902C6E-A4B2-4246-AEFB-3BBE2559B039}"
EndProject
Global
	GlobalSection(SolutionConfigurationPlatforms) = preSolution
		Debug|Any CPU = Debug|Any CPU
		Debug|x64 = Debug|x64
		Release|Any CPU = Release|Any CPU
		Release|x64 = Release|x64
	EndGlobalSection
	GlobalSection(ProjectConfigurationPlatforms) = postSolution
		{B8902C6E-A4B2-4246-AEFB-3BBE2559B039}.Debug|Any CPU.ActiveCfg = Debug|Any CPU
		{B8902C6E-A4B2-4246-AEFB-3BBE2559B039}.Debug|Any CPU.Build.0 = Debug|Any CPU
		{B8902C6E-A4B2-4246-AEFB-3BBE2559B039}.Debug|x64.ActiveCfg = Debug|x64
		{B8902C6E-A4B2-4246-AEFB-3BBE2559B039}.Debug|x64.Build.0 = Debug|x64
		{B8902C6E-A4B2-4246-AEFB-3BBE2559B039}.Release|Any CPU.ActiveCfg = Release|Any CPU
		{B8902C6E-A4B2-4246-AEFB-3BBE2559B039}.Release|Any CPU.Build.0 = Release|Any CPU
		{B8902C6E-A4B2-4246-AEFB-3BBE2559B039}.Release|x64.ActiveCfg = Release|x64
		{B8902C6E-A4B2-4246-AEFB-3BBE2559B039}.Release|x64.Build.0 = Release|x64
	EndGlobalSection
	GlobalSection(SolutionProperties) = preSolution
		HideSolutionNode = FALSE
	EndGlobalSection
	GlobalSection(ExtensibilityGlobals) = postSolution
		SolutionGuid = {1A035426-0C9F-42C7-A889-D0A8778D7725}
	EndGlobalSection
EndGlobal
